
Microsoft Visual Studio Solution File, Format Version 12.00
# Visual Studio Version 17
VisualStudioVersion = 17.1.32210.238
MinimumVisualStudioVersion = 10.0.40219.1
Project("{FAE04EC0-301F-11D3-BF4B-00C04F79EFBC}") = "modul3_1302204092", "modul3_1302204092\modul3_1302204092.csproj", "{5B1256F5-C73A-48D2-9FED-16B82324D2FC}"
EndProject
Global
	GlobalSection(SolutionConfigurationPlatforms) = preSolution
		Debug|Any CPU = Debug|Any CPU
		Release|Any CPU = Release|Any CPU
	EndGlobalSection
	GlobalSection(ProjectConfigurationPlatforms) = postSolution
		{5B1256F5-C73A-48D2-9FED-16B82324D2FC}.Debug|Any CPU.ActiveCfg = Debug|Any CPU
		{5B1256F5-C73A-48D2-9FED-16B82324D2FC}.Debug|Any CPU.Build.0 = Debug|Any CPU
		{5B1256F5-C73A-48D2-9FED-16B82324D2FC}.Release|Any CPU.ActiveCfg = Release|Any CPU
		{5B1256F5-C73A-48D2-9FED-16B82324D2FC}.Release|Any CPU.Build.0 = Release|Any CPU
	EndGlobalSection
	GlobalSection(SolutionProperties) = preSolution
		HideSolutionNode = FALSE
	EndGlobalSection
	GlobalSection(ExtensibilityGlobals) = postSolution
		SolutionGuid = {4C2F2F78-AE29-4E52-8D1F-F87E44F5D6ED}
	EndGlobalSection
EndGlobal
